
Microsoft Visual Studio Solution File, Format Version 12.00
# Visual Studio Version 17
VisualStudioVersion = 17.9.34622.214
MinimumVisualStudioVersion = 10.0.40219.1
Project("{9A19103F-16F7-4668-BE54-9A1E7A4F7556}") = "UserGenderValidation", "UserGenderValidation\UserGenderValidation.csproj", "{04EBD0AC-7E8F-498E-83D1-98A174CC769A}"
EndProject
Project("{9A19103F-16F7-4668-BE54-9A1E7A4F7556}") = "UserAgeValidation", "UserAgeValidation\UserAgeValidation.csproj", "{7CDE3508-8E4C-4DD3-848E-870497098599}"
EndProject
Global
	GlobalSection(SolutionConfigurationPlatforms) = preSolution
		Debug|Any CPU = Debug|Any CPU
		Release|Any CPU = Release|Any CPU
	EndGlobalSection
	GlobalSection(ProjectConfigurationPlatforms) = postSolution
		{04EBD0AC-7E8F-498E-83D1-98A174CC769A}.Debug|Any CPU.ActiveCfg = Debug|Any CPU
		{04EBD0AC-7E8F-498E-83D1-98A174CC769A}.Debug|Any CPU.Build.0 = Debug|Any CPU
		{04EBD0AC-7E8F-498E-83D1-98A174CC769A}.Release|Any CPU.ActiveCfg = Release|Any CPU
		{04EBD0AC-7E8F-498E-83D1-98A174CC769A}.Release|Any CPU.Build.0 = Release|Any CPU
		{7CDE3508-8E4C-4DD3-848E-870497098599}.Debug|Any CPU.ActiveCfg = Debug|Any CPU
		{7CDE3508-8E4C-4DD3-848E-870497098599}.Debug|Any CPU.Build.0 = Debug|Any CPU
		{7CDE3508-8E4C-4DD3-848E-870497098599}.Release|Any CPU.ActiveCfg = Release|Any CPU
		{7CDE3508-8E4C-4DD3-848E-870497098599}.Release|Any CPU.Build.0 = Release|Any CPU
	EndGlobalSection
	GlobalSection(SolutionProperties) = preSolution
		HideSolutionNode = FALSE
	EndGlobalSection
	GlobalSection(ExtensibilityGlobals) = postSolution
		SolutionGuid = {569D5DCA-AFCD-415C-A36F-D5193A60C853}
	EndGlobalSection
EndGlobal
